// !$*UTF8*$!
{
	archiveVersion = 1;
	classes = {
	};
	objectVersion = 56;
	objects = {

/* Begin PBXBuildFile section */
		123A911A290D7E9A00095878 /* CharacterDetailVC.swift in Sources */ = {isa = PBXBuildFile; fileRef = 123A9119290D7E9A00095878 /* CharacterDetailVC.swift */; };
		127C2CE8290BF90400D3015E /* Model.swift in Sources */ = {isa = PBXBuildFile; fileRef = 127C2CE7290BF90400D3015E /* Model.swift */; };
		12823AC9290ADBBC005D1A7F /* AppDelegate.swift in Sources */ = {isa = PBXBuildFile; fileRef = 12823AC8290ADBBC005D1A7F /* AppDelegate.swift */; };
		12823ACB290ADBBC005D1A7F /* SceneDelegate.swift in Sources */ = {isa = PBXBuildFile; fileRef = 12823ACA290ADBBC005D1A7F /* SceneDelegate.swift */; };
		12823ACD290ADBBC005D1A7F /* CharactersVC.swift in Sources */ = {isa = PBXBuildFile; fileRef = 12823ACC290ADBBC005D1A7F /* CharactersVC.swift */; };
		12823AD0290ADBBC005D1A7F /* Main.storyboard in Resources */ = {isa = PBXBuildFile; fileRef = 12823ACE290ADBBC005D1A7F /* Main.storyboard */; };
		12823AD2290ADBBE005D1A7F /* Assets.xcassets in Resources */ = {isa = PBXBuildFile; fileRef = 12823AD1290ADBBE005D1A7F /* Assets.xcassets */; };
		12823AD5290ADBBE005D1A7F /* LaunchScreen.storyboard in Resources */ = {isa = PBXBuildFile; fileRef = 12823AD3290ADBBE005D1A7F /* LaunchScreen.storyboard */; };
		12823ADD290AE076005D1A7F /* FilterParameters.swift in Sources */ = {isa = PBXBuildFile; fileRef = 12823ADC290AE076005D1A7F /* FilterParameters.swift */; };
		12823ADF290AE78E005D1A7F /* FilterCVCell.swift in Sources */ = {isa = PBXBuildFile; fileRef = 12823ADE290AE78E005D1A7F /* FilterCVCell.swift */; };
		12823AE1290AE927005D1A7F /* Extensions.swift in Sources */ = {isa = PBXBuildFile; fileRef = 12823AE0290AE927005D1A7F /* Extensions.swift */; };
		12823AE3290AEC25005D1A7F /* CharactersCell.swift in Sources */ = {isa = PBXBuildFile; fileRef = 12823AE2290AEC25005D1A7F /* CharactersCell.swift */; };
		12823AE5290AF32D005D1A7F /* CharactersVM.swift in Sources */ = {isa = PBXBuildFile; fileRef = 12823AE4290AF32D005D1A7F /* CharactersVM.swift */; };
		12CAC941290CE0DC00C71348 /* OptionsTableViewCell.swift in Sources */ = {isa = PBXBuildFile; fileRef = 12CAC940290CE0DC00C71348 /* OptionsTableViewCell.swift */; };
		12CAC943290CE77000C71348 /* BaseVC.swift in Sources */ = {isa = PBXBuildFile; fileRef = 12CAC942290CE77000C71348 /* BaseVC.swift */; };
		243B077DCE5000CEEC2D1B83 /* Pods_RickAndMorti.framework in Frameworks */ = {isa = PBXBuildFile; fileRef = 0D42A31894579DA4E02AAC4B /* Pods_RickAndMorti.framework */; };
/* End PBXBuildFile section */

/* Begin PBXFileReference section */
		0D42A31894579DA4E02AAC4B /* Pods_RickAndMorti.framework */ = {isa = PBXFileReference; explicitFileType = wrapper.framework; includeInIndex = 0; path = Pods_RickAndMorti.framework; sourceTree = BUILT_PRODUCTS_DIR; };
		123A9119290D7E9A00095878 /* CharacterDetailVC.swift */ = {isa = PBXFileReference; lastKnownFileType = sourcecode.swift; path = CharacterDetailVC.swift; sourceTree = "<group>"; };
		127C2CE7290BF90400D3015E /* Model.swift */ = {isa = PBXFileReference; lastKnownFileType = sourcecode.swift; path = Model.swift; sourceTree = "<group>"; };
		12823AC5290ADBBC005D1A7F /* RickAndMorti.app */ = {isa = PBXFileReference; explicitFileType = wrapper.application; includeInIndex = 0; path = RickAndMorti.app; sourceTree = BUILT_PRODUCTS_DIR; };
		12823AC8290ADBBC005D1A7F /* AppDelegate.swift */ = {isa = PBXFileReference; lastKnownFileType = sourcecode.swift; path = AppDelegate.swift; sourceTree = "<group>"; };
		12823ACA290ADBBC005D1A7F /* SceneDelegate.swift */ = {isa = PBXFileReference; lastKnownFileType = sourcecode.swift; path = SceneDelegate.swift; sourceTree = "<group>"; };
		12823ACC290ADBBC005D1A7F /* CharactersVC.swift */ = {isa = PBXFileReference; lastKnownFileType = sourcecode.swift; path = CharactersVC.swift; sourceTree = "<group>"; };
		12823ACF290ADBBC005D1A7F /* Base */ = {isa = PBXFileReference; lastKnownFileType = file.storyboard; name = Base; path = Base.lproj/Main.storyboard; sourceTree = "<group>"; };
		12823AD1290ADBBE005D1A7F /* Assets.xcassets */ = {isa = PBXFileReference; lastKnownFileType = folder.assetcatalog; path = Assets.xcassets; sourceTree = "<group>"; };
		12823AD4290ADBBE005D1A7F /* Base */ = {isa = PBXFileReference; lastKnownFileType = file.storyboard; name = Base; path = Base.lproj/LaunchScreen.storyboard; sourceTree = "<group>"; };
		12823AD6290ADBBE005D1A7F /* Info.plist */ = {isa = PBXFileReference; lastKnownFileType = text.plist.xml; path = Info.plist; sourceTree = "<group>"; };
		12823ADC290AE076005D1A7F /* FilterParameters.swift */ = {isa = PBXFileReference; lastKnownFileType = sourcecode.swift; path = FilterParameters.swift; sourceTree = "<group>"; };
		12823ADE290AE78E005D1A7F /* FilterCVCell.swift */ = {isa = PBXFileReference; lastKnownFileType = sourcecode.swift; path = FilterCVCell.swift; sourceTree = "<group>"; };
		12823AE0290AE927005D1A7F /* Extensions.swift */ = {isa = PBXFileReference; lastKnownFileType = sourcecode.swift; path = Extensions.swift; sourceTree = "<group>"; };
		12823AE2290AEC25005D1A7F /* CharactersCell.swift */ = {isa = PBXFileReference; lastKnownFileType = sourcecode.swift; path = CharactersCell.swift; sourceTree = "<group>"; };
		12823AE4290AF32D005D1A7F /* CharactersVM.swift */ = {isa = PBXFileReference; lastKnownFileType = sourcecode.swift; path = CharactersVM.swift; sourceTree = "<group>"; };
		12CAC940290CE0DC00C71348 /* OptionsTableViewCell.swift */ = {isa = PBXFileReference; lastKnownFileType = sourcecode.swift; path = OptionsTableViewCell.swift; sourceTree = "<group>"; };
		12CAC942290CE77000C71348 /* BaseVC.swift */ = {isa = PBXFileReference; lastKnownFileType = sourcecode.swift; path = BaseVC.swift; sourceTree = "<group>"; };
		2D841487E83D3A6A74A64FDB /* Pods-RickAndMorti.debug.xcconfig */ = {isa = PBXFileReference; includeInIndex = 1; lastKnownFileType = text.xcconfig; name = "Pods-RickAndMorti.debug.xcconfig"; path = "Target Support Files/Pods-RickAndMorti/Pods-RickAndMorti.debug.xcconfig"; sourceTree = "<group>"; };
		6C0124519B69A1D74B653199 /* Pods-RickAndMorti.release.xcconfig */ = {isa = PBXFileReference; includeInIndex = 1; lastKnownFileType = text.xcconfig; name = "Pods-RickAndMorti.release.xcconfig"; path = "Target Support Files/Pods-RickAndMorti/Pods-RickAndMorti.release.xcconfig"; sourceTree = "<group>"; };
/* End PBXFileReference section */

/* Begin PBXFrameworksBuildPhase section */
		12823AC2290ADBBC005D1A7F /* Frameworks */ = {
			isa = PBXFrameworksBuildPhase;
			buildActionMask = 2147483647;
			files = (
				243B077DCE5000CEEC2D1B83 /* Pods_RickAndMorti.framework in Frameworks */,
			);
			runOnlyForDeploymentPostprocessing = 0;
		};
/* End PBXFrameworksBuildPhase section */

/* Begin PBXGroup section */
		123A911B290D8D8D00095878 /* Helpers */ = {
			isa = PBXGroup;
			children = (
				12823ADC290AE076005D1A7F /* FilterParameters.swift */,
				12CAC942290CE77000C71348 /* BaseVC.swift */,
				12823AC8290ADBBC005D1A7F /* AppDelegate.swift */,
				12823ACA290ADBBC005D1A7F /* SceneDelegate.swift */,
				12823AE0290AE927005D1A7F /* Extensions.swift */,
				12823AD3290ADBBE005D1A7F /* LaunchScreen.storyboard */,
				12823AD1290ADBBE005D1A7F /* Assets.xcassets */,
			);
			path = Helpers;
			sourceTree = "<group>";
		};
		123A911C290D8DA500095878 /* SearchScreen */ = {
			isa = PBXGroup;
			children = (
				123A911E290D8DD700095878 /* Model */,
				123A911D290D8DAF00095878 /* View */,
				123A911F290D8DF200095878 /* View Model */,
			);
			path = SearchScreen;
			sourceTree = "<group>";
		};
		123A911D290D8DAF00095878 /* View */ = {
			isa = PBXGroup;
			children = (
				12823ADE290AE78E005D1A7F /* FilterCVCell.swift */,
				12823ACC290ADBBC005D1A7F /* CharactersVC.swift */,
				12823AE2290AEC25005D1A7F /* CharactersCell.swift */,
				12CAC940290CE0DC00C71348 /* OptionsTableViewCell.swift */,
			);
			path = View;
			sourceTree = "<group>";
		};
		123A911E290D8DD700095878 /* Model */ = {
			isa = PBXGroup;
			children = (
				127C2CE7290BF90400D3015E /* Model.swift */,
			);
			path = Model;
			sourceTree = "<group>";
		};
		123A911F290D8DF200095878 /* View Model */ = {
			isa = PBXGroup;
			children = (
				12823AE4290AF32D005D1A7F /* CharactersVM.swift */,
			);
			path = "View Model";
			sourceTree = "<group>";
		};
		123A9120290D8E1D00095878 /* DetailsScreen */ = {
			isa = PBXGroup;
			children = (
				123A9119290D7E9A00095878 /* CharacterDetailVC.swift */,
			);
			path = DetailsScreen;
			sourceTree = "<group>";
		};
		12823ABC290ADBBC005D1A7F = {
			isa = PBXGroup;
			children = (
				12823AC7290ADBBC005D1A7F /* RickAndMorti */,
				12823AC6290ADBBC005D1A7F /* Products */,
				15397EA15167AB47310E0993 /* Pods */,
				22BC4FF05BB62A7B8DF1AADF /* Frameworks */,
			);
			sourceTree = "<group>";
		};
		12823AC6290ADBBC005D1A7F /* Products */ = {
			isa = PBXGroup;
			children = (
				12823AC5290ADBBC005D1A7F /* RickAndMorti.app */,
			);
			name = Products;
			sourceTree = "<group>";
		};
		12823AC7290ADBBC005D1A7F /* RickAndMorti */ = {
			isa = PBXGroup;
			children = (
				123A911C290D8DA500095878 /* SearchScreen */,
				123A9120290D8E1D00095878 /* DetailsScreen */,
				123A911B290D8D8D00095878 /* Helpers */,
				12823ACE290ADBBC005D1A7F /* Main.storyboard */,
				12823AD6290ADBBE005D1A7F /* Info.plist */,
			);
			path = RickAndMorti;
			sourceTree = "<group>";
		};
		15397EA15167AB47310E0993 /* Pods */ = {
			isa = PBXGroup;
			children = (
				2D841487E83D3A6A74A64FDB /* Pods-RickAndMorti.debug.xcconfig */,
				6C0124519B69A1D74B653199 /* Pods-RickAndMorti.release.xcconfig */,
			);
			path = Pods;
			sourceTree = "<group>";
		};
		22BC4FF05BB62A7B8DF1AADF /* Frameworks */ = {
			isa = PBXGroup;
			children = (
				0D42A31894579DA4E02AAC4B /* Pods_RickAndMorti.framework */,
			);
			name = Frameworks;
			sourceTree = "<group>";
		};
/* End PBXGroup section */

/* Begin PBXNativeTarget section */
		12823AC4290ADBBC005D1A7F /* RickAndMorti */ = {
			isa = PBXNativeTarget;
			buildConfigurationList = 12823AD9290ADBBE005D1A7F /* Build configuration list for PBXNativeTarget "RickAndMorti" */;
			buildPhases = (
				4E45BAA558DB7AA9F5D31C3D /* [CP] Check Pods Manifest.lock */,
				12823AC1290ADBBC005D1A7F /* Sources */,
				12823AC2290ADBBC005D1A7F /* Frameworks */,
				12823AC3290ADBBC005D1A7F /* Resources */,
				6AD497F31E28103CA4424BAA /* [CP] Embed Pods Frameworks */,
			);
			buildRules = (
			);
			dependencies = (
			);
			name = RickAndMorti;
			productName = RickAndMorti;
			productReference = 12823AC5290ADBBC005D1A7F /* RickAndMorti.app */;
			productType = "com.apple.product-type.application";
		};
/* End PBXNativeTarget section */

/* Begin PBXProject section */
		12823ABD290ADBBC005D1A7F /* Project object */ = {
			isa = PBXProject;
			attributes = {
				BuildIndependentTargetsInParallel = 1;
				LastSwiftUpdateCheck = 1400;
				LastUpgradeCheck = 1400;
				TargetAttributes = {
					12823AC4290ADBBC005D1A7F = {
						CreatedOnToolsVersion = 14.0.1;
					};
				};
			};
			buildConfigurationList = 12823AC0290ADBBC005D1A7F /* Build configuration list for PBXProject "RickAndMorti" */;
			compatibilityVersion = "Xcode 14.0";
			developmentRegion = en;
			hasScannedForEncodings = 0;
			knownRegions = (
				en,
				Base,
			);
			mainGroup = 12823ABC290ADBBC005D1A7F;
			productRefGroup = 12823AC6290ADBBC005D1A7F /* Products */;
			projectDirPath = "";
			projectRoot = "";
			targets = (
				12823AC4290ADBBC005D1A7F /* RickAndMorti */,
			);
		};
/* End PBXProject section */

/* Begin PBXResourcesBuildPhase section */
		12823AC3290ADBBC005D1A7F /* Resources */ = {
			isa = PBXResourcesBuildPhase;
			buildActionMask = 2147483647;
			files = (
				12823AD5290ADBBE005D1A7F /* LaunchScreen.storyboard in Resources */,
				12823AD2290ADBBE005D1A7F /* Assets.xcassets in Resources */,
				12823AD0290ADBBC005D1A7F /* Main.storyboard in Resources */,
			);
			runOnlyForDeploymentPostprocessing = 0;
		};
/* End PBXResourcesBuildPhase section */

/* Begin PBXShellScriptBuildPhase section */
		4E45BAA558DB7AA9F5D31C3D /* [CP] Check Pods Manifest.lock */ = {
			isa = PBXShellScriptBuildPhase;
			buildActionMask = 2147483647;
			files = (
			);
			inputFileListPaths = (
			);
			inputPaths = (
				"${PODS_PODFILE_DIR_PATH}/Podfile.lock",
				"${PODS_ROOT}/Manifest.lock",
			);
			name = "[CP] Check Pods Manifest.lock";
			outputFileListPaths = (
			);
			outputPaths = (
				"$(DERIVED_FILE_DIR)/Pods-RickAndMorti-checkManifestLockResult.txt",
			);
			runOnlyForDeploymentPostprocessing = 0;
			shellPath = /bin/sh;
			shellScript = "diff \"${PODS_PODFILE_DIR_PATH}/Podfile.lock\" \"${PODS_ROOT}/Manifest.lock\" > /dev/null\nif [ $? != 0 ] ; then\n    # print error to STDERR\n    echo \"error: The sandbox is not in sync with the Podfile.lock. Run 'pod install' or update your CocoaPods installation.\" >&2\n    exit 1\nfi\n# This output is used by Xcode 'outputs' to avoid re-running this script phase.\necho \"SUCCESS\" > \"${SCRIPT_OUTPUT_FILE_0}\"\n";
			showEnvVarsInLog = 0;
		};
		6AD497F31E28103CA4424BAA /* [CP] Embed Pods Frameworks */ = {
			isa = PBXShellScriptBuildPhase;
			buildActionMask = 2147483647;
			files = (
			);
			inputFileListPaths = (
				"${PODS_ROOT}/Target Support Files/Pods-RickAndMorti/Pods-RickAndMorti-frameworks-${CONFIGURATION}-input-files.xcfilelist",
			);
			name = "[CP] Embed Pods Frameworks";
			outputFileListPaths = (
				"${PODS_ROOT}/Target Support Files/Pods-RickAndMorti/Pods-RickAndMorti-frameworks-${CONFIGURATION}-output-files.xcfilelist",
			);
			runOnlyForDeploymentPostprocessing = 0;
			shellPath = /bin/sh;
			shellScript = "\"${PODS_ROOT}/Target Support Files/Pods-RickAndMorti/Pods-RickAndMorti-frameworks.sh\"\n";
			showEnvVarsInLog = 0;
		};
/* End PBXShellScriptBuildPhase section */

/* Begin PBXSourcesBuildPhase section */
		12823AC1290ADBBC005D1A7F /* Sources */ = {
			isa = PBXSourcesBuildPhase;
			buildActionMask = 2147483647;
			files = (
				12CAC941290CE0DC00C71348 /* OptionsTableViewCell.swift in Sources */,
				12CAC943290CE77000C71348 /* BaseVC.swift in Sources */,
				127C2CE8290BF90400D3015E /* Model.swift in Sources */,
				12823AE5290AF32D005D1A7F /* CharactersVM.swift in Sources */,
				12823AE3290AEC25005D1A7F /* CharactersCell.swift in Sources */,
				12823ADF290AE78E005D1A7F /* FilterCVCell.swift in Sources */,
				12823AE1290AE927005D1A7F /* Extensions.swift in Sources */,
				12823ACD290ADBBC005D1A7F /* CharactersVC.swift in Sources */,
				12823AC9290ADBBC005D1A7F /* AppDelegate.swift in Sources */,
				12823ACB290ADBBC005D1A7F /* SceneDelegate.swift in Sources */,
				12823ADD290AE076005D1A7F /* FilterParameters.swift in Sources */,
				123A911A290D7E9A00095878 /* CharacterDetailVC.swift in Sources */,
			);
			runOnlyForDeploymentPostprocessing = 0;
		};
/* End PBXSourcesBuildPhase section */

/* Begin PBXVariantGroup section */
		12823ACE290ADBBC005D1A7F /* Main.storyboard */ = {
			isa = PBXVariantGroup;
			children = (
				12823ACF290ADBBC005D1A7F /* Base */,
			);
			name = Main.storyboard;
			sourceTree = "<group>";
		};
		12823AD3290ADBBE005D1A7F /* LaunchScreen.storyboard */ = {
			isa = PBXVariantGroup;
			children = (
				12823AD4290ADBBE005D1A7F /* Base */,
			);
			name = LaunchScreen.storyboard;
			sourceTree = "<group>";
		};
/* End PBXVariantGroup section */

/* Begin XCBuildConfiguration section */
		12823AD7290ADBBE005D1A7F /* Debug */ = {
			isa = XCBuildConfiguration;
			buildSettings = {
				ALWAYS_SEARCH_USER_PATHS = NO;
				CLANG_ANALYZER_NONNULL = YES;
				CLANG_ANALYZER_NUMBER_OBJECT_CONVERSION = YES_AGGRESSIVE;
				CLANG_CXX_LANGUAGE_STANDARD = "gnu++20";
				CLANG_ENABLE_MODULES = YES;
				CLANG_ENABLE_OBJC_ARC = YES;
				CLANG_ENABLE_OBJC_WEAK = YES;
				CLANG_WARN_BLOCK_CAPTURE_AUTORELEASING = YES;
				CLANG_WARN_BOOL_CONVERSION = YES;
				CLANG_WARN_COMMA = YES;
				CLANG_WARN_CONSTANT_CONVERSION = YES;
				CLANG_WARN_DEPRECATED_OBJC_IMPLEMENTATIONS = YES;
				CLANG_WARN_DIRECT_OBJC_ISA_USAGE = YES_ERROR;
				CLANG_WARN_DOCUMENTATION_COMMENTS = YES;
				CLANG_WARN_EMPTY_BODY = YES;
				CLANG_WARN_ENUM_CONVERSION = YES;
				CLANG_WARN_INFINITE_RECURSION = YES;
				CLANG_WARN_INT_CONVERSION = YES;
				CLANG_WARN_NON_LITERAL_NULL_CONVERSION = YES;
				CLANG_WARN_OBJC_IMPLICIT_RETAIN_SELF = YES;
				CLANG_WARN_OBJC_LITERAL_CONVERSION = YES;
				CLANG_WARN_OBJC_ROOT_CLASS = YES_ERROR;
				CLANG_WARN_QUOTED_INCLUDE_IN_FRAMEWORK_HEADER = YES;
				CLANG_WARN_RANGE_LOOP_ANALYSIS = YES;
				CLANG_WARN_STRICT_PROTOTYPES = YES;
				CLANG_WARN_SUSPICIOUS_MOVE = YES;
				CLANG_WARN_UNGUARDED_AVAILABILITY = YES_AGGRESSIVE;
				CLANG_WARN_UNREACHABLE_CODE = YES;
				CLANG_WARN__DUPLICATE_METHOD_MATCH = YES;
				COPY_PHASE_STRIP = NO;
				DEBUG_INFORMATION_FORMAT = dwarf;
				ENABLE_STRICT_OBJC_MSGSEND = YES;
				ENABLE_TESTABILITY = YES;
				GCC_C_LANGUAGE_STANDARD = gnu11;
				GCC_DYNAMIC_NO_PIC = NO;
				GCC_NO_COMMON_BLOCKS = YES;
				GCC_OPTIMIZATION_LEVEL = 0;
				GCC_PREPROCESSOR_DEFINITIONS = (
					"DEBUG=1",
					"$(inherited)",
				);
				GCC_WARN_64_TO_32_BIT_CONVERSION = YES;
				GCC_WARN_ABOUT_RETURN_TYPE = YES_ERROR;
				GCC_WARN_UNDECLARED_SELECTOR = YES;
				GCC_WARN_UNINITIALIZED_AUTOS = YES_AGGRESSIVE;
				GCC_WARN_UNUSED_FUNCTION = YES;
				GCC_WARN_UNUSED_VARIABLE = YES;
				IPHONEOS_DEPLOYMENT_TARGET = 16.0;
				MTL_ENABLE_DEBUG_INFO = INCLUDE_SOURCE;
				MTL_FAST_MATH = YES;
				ONLY_ACTIVE_ARCH = YES;
				SDKROOT = iphoneos;
				SWIFT_ACTIVE_COMPILATION_CONDITIONS = DEBUG;
				SWIFT_OPTIMIZATION_LEVEL = "-Onone";
			};
			name = Debug;
		};
		12823AD8290ADBBE005D1A7F /* Release */ = {
			isa = XCBuildConfiguration;
			buildSettings = {
				ALWAYS_SEARCH_USER_PATHS = NO;
				CLANG_ANALYZER_NONNULL = YES;
				CLANG_ANALYZER_NUMBER_OBJECT_CONVERSION = YES_AGGRESSIVE;
				CLANG_CXX_LANGUAGE_STANDARD = "gnu++20";
				CLANG_ENABLE_MODULES = YES;
				CLANG_ENABLE_OBJC_ARC = YES;
				CLANG_ENABLE_OBJC_WEAK = YES;
				CLANG_WARN_BLOCK_CAPTURE_AUTORELEASING = YES;
				CLANG_WARN_BOOL_CONVERSION = YES;
				CLANG_WARN_COMMA = YES;
				CLANG_WARN_CONSTANT_CONVERSION = YES;
				CLANG_WARN_DEPRECATED_OBJC_IMPLEMENTATIONS = YES;
				CLANG_WARN_DIRECT_OBJC_ISA_USAGE = YES_ERROR;
				CLANG_WARN_DOCUMENTATION_COMMENTS = YES;
				CLANG_WARN_EMPTY_BODY = YES;
				CLANG_WARN_ENUM_CONVERSION = YES;
				CLANG_WARN_INFINITE_RECURSION = YES;
				CLANG_WARN_INT_CONVERSION = YES;
				CLANG_WARN_NON_LITERAL_NULL_CONVERSION = YES;
				CLANG_WARN_OBJC_IMPLICIT_RETAIN_SELF = YES;
				CLANG_WARN_OBJC_LITERAL_CONVERSION = YES;
				CLANG_WARN_OBJC_ROOT_CLASS = YES_ERROR;
				CLANG_WARN_QUOTED_INCLUDE_IN_FRAMEWORK_HEADER = YES;
				CLANG_WARN_RANGE_LOOP_ANALYSIS = YES;
				CLANG_WARN_STRICT_PROTOTYPES = YES;
				CLANG_WARN_SUSPICIOUS_MOVE = YES;
				CLANG_WARN_UNGUARDED_AVAILABILITY = YES_AGGRESSIVE;
				CLANG_WARN_UNREACHABLE_CODE = YES;
				CLANG_WARN__DUPLICATE_METHOD_MATCH = YES;
				COPY_PHASE_STRIP = NO;
				DEBUG_INFORMATION_FORMAT = "dwarf-with-dsym";
				ENABLE_NS_ASSERTIONS = NO;
				ENABLE_STRICT_OBJC_MSGSEND = YES;
				GCC_C_LANGUAGE_STANDARD = gnu11;
				GCC_NO_COMMON_BLOCKS = YES;
				GCC_WARN_64_TO_32_BIT_CONVERSION = YES;
				GCC_WARN_ABOUT_RETURN_TYPE = YES_ERROR;
				GCC_WARN_UNDECLARED_SELECTOR = YES;
				GCC_WARN_UNINITIALIZED_AUTOS = YES_AGGRESSIVE;
				GCC_WARN_UNUSED_FUNCTION = YES;
				GCC_WARN_UNUSED_VARIABLE = YES;
				IPHONEOS_DEPLOYMENT_TARGET = 16.0;
				MTL_ENABLE_DEBUG_INFO = NO;
				MTL_FAST_MATH = YES;
				SDKROOT = iphoneos;
				SWIFT_COMPILATION_MODE = wholemodule;
				SWIFT_OPTIMIZATION_LEVEL = "-O";
				VALIDATE_PRODUCT = YES;
			};
			name = Release;
		};
		12823ADA290ADBBE005D1A7F /* Debug */ = {
			isa = XCBuildConfiguration;
			baseConfigurationReference = 2D841487E83D3A6A74A64FDB /* Pods-RickAndMorti.debug.xcconfig */;
			buildSettings = {
				ASSETCATALOG_COMPILER_APPICON_NAME = AppIcon;
				ASSETCATALOG_COMPILER_GLOBAL_ACCENT_COLOR_NAME = AccentColor;
				CODE_SIGN_STYLE = Automatic;
				CURRENT_PROJECT_VERSION = 1;
				DEVELOPMENT_TEAM = HP8P3T4XZX;
				GENERATE_INFOPLIST_FILE = YES;
				INFOPLIST_FILE = RickAndMorti/Info.plist;
				INFOPLIST_KEY_UIApplicationSupportsIndirectInputEvents = YES;
				INFOPLIST_KEY_UILaunchStoryboardName = LaunchScreen;
				INFOPLIST_KEY_UIMainStoryboardFile = Main;
				INFOPLIST_KEY_UISupportedInterfaceOrientations_iPad = "UIInterfaceOrientationPortrait UIInterfaceOrientationPortraitUpsideDown UIInterfaceOrientationLandscapeLeft UIInterfaceOrientationLandscapeRight";
				INFOPLIST_KEY_UISupportedInterfaceOrientations_iPhone = "UIInterfaceOrientationPortrait UIInterfaceOrientationLandscapeLeft UIInterfaceOrientationLandscapeRight";
				LD_RUNPATH_SEARCH_PATHS = (
					"$(inherited)",
					"@executable_path/Frameworks",
				);
				MARKETING_VERSION = 1.0;
				PRODUCT_BUNDLE_IDENTIFIER = com.hasanovhasan.az.RickAndMorti;
				PRODUCT_NAME = "$(TARGET_NAME)";
				SWIFT_EMIT_LOC_STRINGS = YES;
				SWIFT_VERSION = 5.0;
				TARGETED_DEVICE_FAMILY = "1,2";
			};
			name = Debug;
		};
		12823ADB290ADBBE005D1A7F /* Release */ = {
			isa = XCBuildConfiguration;
			baseConfigurationReference = 6C0124519B69A1D74B653199 /* Pods-RickAndMorti.release.xcconfig */;
			buildSettings = {
				ASSETCATALOG_COMPILER_APPICON_NAME = AppIcon;
				ASSETCATALOG_COMPILER_GLOBAL_ACCENT_COLOR_NAME = AccentColor;
				CODE_SIGN_STYLE = Automatic;
				CURRENT_PROJECT_VERSION = 1;
				DEVELOPMENT_TEAM = HP8P3T4XZX;
				GENERATE_INFOPLIST_FILE = YES;
				INFOPLIST_FILE = RickAndMorti/Info.plist;
				INFOPLIST_KEY_UIApplicationSupportsIndirectInputEvents = YES;
				INFOPLIST_KEY_UILaunchStoryboardName = LaunchScreen;
				INFOPLIST_KEY_UIMainStoryboardFile = Main;
				INFOPLIST_KEY_UISupportedInterfaceOrientations_iPad = "UIInterfaceOrientationPortrait UIInterfaceOrientationPortraitUpsideDown UIInterfaceOrientationLandscapeLeft UIInterfaceOrientationLandscapeRight";
				INFOPLIST_KEY_UISupportedInterfaceOrientations_iPhone = "UIInterfaceOrientationPortrait UIInterfaceOrientationLandscapeLeft UIInterfaceOrientationLandscapeRight";
				LD_RUNPATH_SEARCH_PATHS = (
					"$(inherited)",
					"@executable_path/Frameworks",
				);
				MARKETING_VERSION = 1.0;
				PRODUCT_BUNDLE_IDENTIFIER = com.hasanovhasan.az.RickAndMorti;
				PRODUCT_NAME = "$(TARGET_NAME)";
				SWIFT_EMIT_LOC_STRINGS = YES;
				SWIFT_VERSION = 5.0;
				TARGETED_DEVICE_FAMILY = "1,2";
			};
			name = Release;
		};
/* End XCBuildConfiguration section */

/* Begin XCConfigurationList section */
		12823AC0290ADBBC005D1A7F /* Build configuration list for PBXProject "RickAndMorti" */ = {
			isa = XCConfigurationList;
			buildConfigurations = (
				12823AD7290ADBBE005D1A7F /* Debug */,
				12823AD8290ADBBE005D1A7F /* Release */,
			);
			defaultConfigurationIsVisible = 0;
			defaultConfigurationName = Release;
		};
		12823AD9290ADBBE005D1A7F /* Build configuration list for PBXNativeTarget "RickAndMorti" */ = {
			isa = XCConfigurationList;
			buildConfigurations = (
				12823ADA290ADBBE005D1A7F /* Debug */,
				12823ADB290ADBBE005D1A7F /* Release */,
			);
			defaultConfigurationIsVisible = 0;
			defaultConfigurationName = Release;
		};
/* End XCConfigurationList section */
	};
	rootObject = 12823ABD290ADBBC005D1A7F /* Project object */;
}
